// !$*UTF8*$!
{
	archiveVersion = 1;
	classes = {
	};
	objectVersion = 55;
	objects = {

/* Begin PBXBuildFile section */
		2994B4CD282CA49900CFF9F3 /* LandmarksApp.swift in Sources */ = {isa = PBXBuildFile; fileRef = 2994B4CC282CA49900CFF9F3 /* LandmarksApp.swift */; };
		2994B4CF282CA49900CFF9F3 /* ContentView.swift in Sources */ = {isa = PBXBuildFile; fileRef = 2994B4CE282CA49900CFF9F3 /* ContentView.swift */; };
		2994B4D1282CA49A00CFF9F3 /* Assets.xcassets in Resources */ = {isa = PBXBuildFile; fileRef = 2994B4D0282CA49A00CFF9F3 /* Assets.xcassets */; };
		2994B4D4282CA49A00CFF9F3 /* Preview Assets.xcassets in Resources */ = {isa = PBXBuildFile; fileRef = 2994B4D3282CA49A00CFF9F3 /* Preview Assets.xcassets */; };
		2994B4DB282CA86400CFF9F3 /* CircleImage.swift in Sources */ = {isa = PBXBuildFile; fileRef = 2994B4DA282CA86400CFF9F3 /* CircleImage.swift */; };
		2994B4DD282CA98200CFF9F3 /* MapView.swift in Sources */ = {isa = PBXBuildFile; fileRef = 2994B4DC282CA98200CFF9F3 /* MapView.swift */; };
		2994B4DF282CAD6000CFF9F3 /* landmarkData.json in Resources */ = {isa = PBXBuildFile; fileRef = 2994B4DE282CAD6000CFF9F3 /* landmarkData.json */; };
		2994B4E3282CADBB00CFF9F3 /* Landmark.swift in Sources */ = {isa = PBXBuildFile; fileRef = 2994B4E2282CADBB00CFF9F3 /* Landmark.swift */; };
		2994B4E7282CB08200CFF9F3 /* ModelData.swift in Sources */ = {isa = PBXBuildFile; fileRef = 2994B4E6282CB08200CFF9F3 /* ModelData.swift */; };
		2994B4EC282CB32400CFF9F3 /* LandmarkRow.swift in Sources */ = {isa = PBXBuildFile; fileRef = 2994B4EB282CB32400CFF9F3 /* LandmarkRow.swift */; };
		2994B4EE282CB54200CFF9F3 /* LandmarkList.swift in Sources */ = {isa = PBXBuildFile; fileRef = 2994B4ED282CB54200CFF9F3 /* LandmarkList.swift */; };
		2994B4F0282CB6EF00CFF9F3 /* LandmarkDetail.swift in Sources */ = {isa = PBXBuildFile; fileRef = 2994B4EF282CB6EF00CFF9F3 /* LandmarkDetail.swift */; };
		2994B4F2282DC72700CFF9F3 /* FavoriteButton.swift in Sources */ = {isa = PBXBuildFile; fileRef = 2994B4F1282DC72700CFF9F3 /* FavoriteButton.swift */; };
/* End PBXBuildFile section */

/* Begin PBXFileReference section */
		2994B4C9282CA49900CFF9F3 /* Landmarks.app */ = {isa = PBXFileReference; explicitFileType = wrapper.application; includeInIndex = 0; path = Landmarks.app; sourceTree = BUILT_PRODUCTS_DIR; };
		2994B4CC282CA49900CFF9F3 /* LandmarksApp.swift */ = {isa = PBXFileReference; lastKnownFileType = sourcecode.swift; path = LandmarksApp.swift; sourceTree = "<group>"; };
		2994B4CE282CA49900CFF9F3 /* ContentView.swift */ = {isa = PBXFileReference; lastKnownFileType = sourcecode.swift; path = ContentView.swift; sourceTree = "<group>"; };
		2994B4D0282CA49A00CFF9F3 /* Assets.xcassets */ = {isa = PBXFileReference; lastKnownFileType = folder.assetcatalog; path = Assets.xcassets; sourceTree = "<group>"; };
		2994B4D3282CA49A00CFF9F3 /* Preview Assets.xcassets */ = {isa = PBXFileReference; lastKnownFileType = folder.assetcatalog; path = "Preview Assets.xcassets"; sourceTree = "<group>"; };
		2994B4DA282CA86400CFF9F3 /* CircleImage.swift */ = {isa = PBXFileReference; lastKnownFileType = sourcecode.swift; path = CircleImage.swift; sourceTree = "<group>"; };
		2994B4DC282CA98200CFF9F3 /* MapView.swift */ = {isa = PBXFileReference; lastKnownFileType = sourcecode.swift; path = MapView.swift; sourceTree = "<group>"; };
		2994B4DE282CAD6000CFF9F3 /* landmarkData.json */ = {isa = PBXFileReference; fileEncoding = 4; lastKnownFileType = text.json; path = landmarkData.json; sourceTree = "<group>"; };
		2994B4E2282CADBB00CFF9F3 /* Landmark.swift */ = {isa = PBXFileReference; lastKnownFileType = sourcecode.swift; path = Landmark.swift; sourceTree = "<group>"; };
		2994B4E6282CB08200CFF9F3 /* ModelData.swift */ = {isa = PBXFileReference; lastKnownFileType = sourcecode.swift; path = ModelData.swift; sourceTree = "<group>"; };
		2994B4EB282CB32400CFF9F3 /* LandmarkRow.swift */ = {isa = PBXFileReference; lastKnownFileType = sourcecode.swift; path = LandmarkRow.swift; sourceTree = "<group>"; };
		2994B4ED282CB54200CFF9F3 /* LandmarkList.swift */ = {isa = PBXFileReference; lastKnownFileType = sourcecode.swift; path = LandmarkList.swift; sourceTree = "<group>"; };
		2994B4EF282CB6EF00CFF9F3 /* LandmarkDetail.swift */ = {isa = PBXFileReference; lastKnownFileType = sourcecode.swift; path = LandmarkDetail.swift; sourceTree = "<group>"; };
		2994B4F1282DC72700CFF9F3 /* FavoriteButton.swift */ = {isa = PBXFileReference; lastKnownFileType = sourcecode.swift; path = FavoriteButton.swift; sourceTree = "<group>"; };
/* End PBXFileReference section */

/* Begin PBXFrameworksBuildPhase section */
		2994B4C6282CA49900CFF9F3 /* Frameworks */ = {
			isa = PBXFrameworksBuildPhase;
			buildActionMask = 2147483647;
			files = (
			);
			runOnlyForDeploymentPostprocessing = 0;
		};
/* End PBXFrameworksBuildPhase section */

/* Begin PBXGroup section */
		2994B4C0282CA49800CFF9F3 = {
			isa = PBXGroup;
			children = (
				2994B4CB282CA49900CFF9F3 /* Landmarks */,
				2994B4CA282CA49900CFF9F3 /* Products */,
			);
			sourceTree = "<group>";
		};
		2994B4CA282CA49900CFF9F3 /* Products */ = {
			isa = PBXGroup;
			children = (
				2994B4C9282CA49900CFF9F3 /* Landmarks.app */,
			);
			name = Products;
			sourceTree = "<group>";
		};
		2994B4CB282CA49900CFF9F3 /* Landmarks */ = {
			isa = PBXGroup;
			children = (
				2994B4E9282CB29C00CFF9F3 /* Resources */,
				2994B4E8282CB27F00CFF9F3 /* Views */,
				2994B4CC282CA49900CFF9F3 /* LandmarksApp.swift */,
				2994B4EA282CB2D800CFF9F3 /* Models */,
				2994B4D0282CA49A00CFF9F3 /* Assets.xcassets */,
				2994B4D2282CA49A00CFF9F3 /* Preview Content */,
			);
			path = Landmarks;
			sourceTree = "<group>";
		};
		2994B4D2282CA49A00CFF9F3 /* Preview Content */ = {
			isa = PBXGroup;
			children = (
				2994B4D3282CA49A00CFF9F3 /* Preview Assets.xcassets */,
			);
			path = "Preview Content";
			sourceTree = "<group>";
		};
		2994B4E8282CB27F00CFF9F3 /* Views */ = {
			isa = PBXGroup;
			children = (
				2994B4CE282CA49900CFF9F3 /* ContentView.swift */,
				2994B4F4282DC82400CFF9F3 /* Landmarks */,
				2994B4F3282DC80500CFF9F3 /* Helpers */,
			);
			path = Views;
			sourceTree = "<group>";
		};
		2994B4E9282CB29C00CFF9F3 /* Resources */ = {
			isa = PBXGroup;
			children = (
				2994B4DE282CAD6000CFF9F3 /* landmarkData.json */,
			);
			path = Resources;
			sourceTree = "<group>";
		};
		2994B4EA282CB2D800CFF9F3 /* Models */ = {
			isa = PBXGroup;
			children = (
				2994B4E2282CADBB00CFF9F3 /* Landmark.swift */,
				2994B4E6282CB08200CFF9F3 /* ModelData.swift */,
			);
			path = Models;
			sourceTree = "<group>";
		};
		2994B4F3282DC80500CFF9F3 /* Helpers */ = {
			isa = PBXGroup;
			children = (
				2994B4DA282CA86400CFF9F3 /* CircleImage.swift */,
				2994B4DC282CA98200CFF9F3 /* MapView.swift */,
				2994B4F1282DC72700CFF9F3 /* FavoriteButton.swift */,
			);
			path = Helpers;
			sourceTree = "<group>";
		};
		2994B4F4282DC82400CFF9F3 /* Landmarks */ = {
			isa = PBXGroup;
			children = (
				2994B4EB282CB32400CFF9F3 /* LandmarkRow.swift */,
				2994B4ED282CB54200CFF9F3 /* LandmarkList.swift */,
				2994B4EF282CB6EF00CFF9F3 /* LandmarkDetail.swift */,
			);
			path = Landmarks;
			sourceTree = "<group>";
		};
/* End PBXGroup section */

/* Begin PBXNativeTarget section */
		2994B4C8282CA49900CFF9F3 /* Landmarks */ = {
			isa = PBXNativeTarget;
			buildConfigurationList = 2994B4D7282CA49A00CFF9F3 /* Build configuration list for PBXNativeTarget "Landmarks" */;
			buildPhases = (
				2994B4C5282CA49900CFF9F3 /* Sources */,
				2994B4C6282CA49900CFF9F3 /* Frameworks */,
				2994B4C7282CA49900CFF9F3 /* Resources */,
			);
			buildRules = (
			);
			dependencies = (
			);
			name = Landmarks;
			productName = Landmarks;
			productReference = 2994B4C9282CA49900CFF9F3 /* Landmarks.app */;
			productType = "com.apple.product-type.application";
		};
/* End PBXNativeTarget section */

/* Begin PBXProject section */
		2994B4C1282CA49800CFF9F3 /* Project object */ = {
			isa = PBXProject;
			attributes = {
				BuildIndependentTargetsInParallel = 1;
				LastSwiftUpdateCheck = 1330;
				LastUpgradeCheck = 1330;
				TargetAttributes = {
					2994B4C8282CA49900CFF9F3 = {
						CreatedOnToolsVersion = 13.3.1;
					};
				};
			};
			buildConfigurationList = 2994B4C4282CA49800CFF9F3 /* Build configuration list for PBXProject "Landmarks" */;
			compatibilityVersion = "Xcode 13.0";
			developmentRegion = en;
			hasScannedForEncodings = 0;
			knownRegions = (
				en,
				Base,
			);
			mainGroup = 2994B4C0282CA49800CFF9F3;
			productRefGroup = 2994B4CA282CA49900CFF9F3 /* Products */;
			projectDirPath = "";
			projectRoot = "";
			targets = (
				2994B4C8282CA49900CFF9F3 /* Landmarks */,
			);
		};
/* End PBXProject section */

/* Begin PBXResourcesBuildPhase section */
		2994B4C7282CA49900CFF9F3 /* Resources */ = {
			isa = PBXResourcesBuildPhase;
			buildActionMask = 2147483647;
			files = (
				2994B4D4282CA49A00CFF9F3 /* Preview Assets.xcassets in Resources */,
				2994B4D1282CA49A00CFF9F3 /* Assets.xcassets in Resources */,
				2994B4DF282CAD6000CFF9F3 /* landmarkData.json in Resources */,
			);
			runOnlyForDeploymentPostprocessing = 0;
		};
/* End PBXResourcesBuildPhase section */

/* Begin PBXSourcesBuildPhase section */
		2994B4C5282CA49900CFF9F3 /* Sources */ = {
			isa = PBXSourcesBuildPhase;
			buildActionMask = 2147483647;
			files = (
				2994B4CF282CA49900CFF9F3 /* ContentView.swift in Sources */,
				2994B4DD282CA98200CFF9F3 /* MapView.swift in Sources */,
				2994B4CD282CA49900CFF9F3 /* LandmarksApp.swift in Sources */,
				2994B4F2282DC72700CFF9F3 /* FavoriteButton.swift in Sources */,
				2994B4EE282CB54200CFF9F3 /* LandmarkList.swift in Sources */,
				2994B4F0282CB6EF00CFF9F3 /* LandmarkDetail.swift in Sources */,
				2994B4DB282CA86400CFF9F3 /* CircleImage.swift in Sources */,
				2994B4E3282CADBB00CFF9F3 /* Landmark.swift in Sources */,
				2994B4EC282CB32400CFF9F3 /* LandmarkRow.swift in Sources */,
				2994B4E7282CB08200CFF9F3 /* ModelData.swift in Sources */,
			);
			runOnlyForDeploymentPostprocessing = 0;
		};
/* End PBXSourcesBuildPhase section */

/* Begin XCBuildConfiguration section */
		2994B4D5282CA49A00CFF9F3 /* Debug */ = {
			isa = XCBuildConfiguration;
			buildSettings = {
				ALWAYS_SEARCH_USER_PATHS = NO;
				CLANG_ANALYZER_NONNULL = YES;
				CLANG_ANALYZER_NUMBER_OBJECT_CONVERSION = YES_AGGRESSIVE;
				CLANG_CXX_LANGUAGE_STANDARD = "gnu++17";
				CLANG_ENABLE_MODULES = YES;
				CLANG_ENABLE_OBJC_ARC = YES;
				CLANG_ENABLE_OBJC_WEAK = YES;
				CLANG_WARN_BLOCK_CAPTURE_AUTORELEASING = YES;
				CLANG_WARN_BOOL_CONVERSION = YES;
				CLANG_WARN_COMMA = YES;
				CLANG_WARN_CONSTANT_CONVERSION = YES;
				CLANG_WARN_DEPRECATED_OBJC_IMPLEMENTATIONS = YES;
				CLANG_WARN_DIRECT_OBJC_ISA_USAGE = YES_ERROR;
				CLANG_WARN_DOCUMENTATION_COMMENTS = YES;
				CLANG_WARN_EMPTY_BODY = YES;
				CLANG_WARN_ENUM_CONVERSION = YES;
				CLANG_WARN_INFINITE_RECURSION = YES;
				CLANG_WARN_INT_CONVERSION = YES;
				CLANG_WARN_NON_LITERAL_NULL_CONVERSION = YES;
				CLANG_WARN_OBJC_IMPLICIT_RETAIN_SELF = YES;
				CLANG_WARN_OBJC_LITERAL_CONVERSION = YES;
				CLANG_WARN_OBJC_ROOT_CLASS = YES_ERROR;
				CLANG_WARN_QUOTED_INCLUDE_IN_FRAMEWORK_HEADER = YES;
				CLANG_WARN_RANGE_LOOP_ANALYSIS = YES;
				CLANG_WARN_STRICT_PROTOTYPES = YES;
				CLANG_WARN_SUSPICIOUS_MOVE = YES;
				CLANG_WARN_UNGUARDED_AVAILABILITY = YES_AGGRESSIVE;
				CLANG_WARN_UNREACHABLE_CODE = YES;
				CLANG_WARN__DUPLICATE_METHOD_MATCH = YES;
				COPY_PHASE_STRIP = NO;
				DEBUG_INFORMATION_FORMAT = dwarf;
				ENABLE_STRICT_OBJC_MSGSEND = YES;
				ENABLE_TESTABILITY = YES;
				GCC_C_LANGUAGE_STANDARD = gnu11;
				GCC_DYNAMIC_NO_PIC = NO;
				GCC_NO_COMMON_BLOCKS = YES;
				GCC_OPTIMIZATION_LEVEL = 0;
				GCC_PREPROCESSOR_DEFINITIONS = (
					"DEBUG=1",
					"$(inherited)",
				);
				GCC_WARN_64_TO_32_BIT_CONVERSION = YES;
				GCC_WARN_ABOUT_RETURN_TYPE = YES_ERROR;
				GCC_WARN_UNDECLARED_SELECTOR = YES;
				GCC_WARN_UNINITIALIZED_AUTOS = YES_AGGRESSIVE;
				GCC_WARN_UNUSED_FUNCTION = YES;
				GCC_WARN_UNUSED_VARIABLE = YES;
				IPHONEOS_DEPLOYMENT_TARGET = 15.4;
				MTL_ENABLE_DEBUG_INFO = INCLUDE_SOURCE;
				MTL_FAST_MATH = YES;
				ONLY_ACTIVE_ARCH = YES;
				SDKROOT = iphoneos;
				SWIFT_ACTIVE_COMPILATION_CONDITIONS = DEBUG;
				SWIFT_OPTIMIZATION_LEVEL = "-Onone";
			};
			name = Debug;
		};
		2994B4D6282CA49A00CFF9F3 /* Release */ = {
			isa = XCBuildConfiguration;
			buildSettings = {
				ALWAYS_SEARCH_USER_PATHS = NO;
				CLANG_ANALYZER_NONNULL = YES;
				CLANG_ANALYZER_NUMBER_OBJECT_CONVERSION = YES_AGGRESSIVE;
				CLANG_CXX_LANGUAGE_STANDARD = "gnu++17";
				CLANG_ENABLE_MODULES = YES;
				CLANG_ENABLE_OBJC_ARC = YES;
				CLANG_ENABLE_OBJC_WEAK = YES;
				CLANG_WARN_BLOCK_CAPTURE_AUTORELEASING = YES;
				CLANG_WARN_BOOL_CONVERSION = YES;
				CLANG_WARN_COMMA = YES;
				CLANG_WARN_CONSTANT_CONVERSION = YES;
				CLANG_WARN_DEPRECATED_OBJC_IMPLEMENTATIONS = YES;
				CLANG_WARN_DIRECT_OBJC_ISA_USAGE = YES_ERROR;
				CLANG_WARN_DOCUMENTATION_COMMENTS = YES;
				CLANG_WARN_EMPTY_BODY = YES;
				CLANG_WARN_ENUM_CONVERSION = YES;
				CLANG_WARN_INFINITE_RECURSION = YES;
				CLANG_WARN_INT_CONVERSION = YES;
				CLANG_WARN_NON_LITERAL_NULL_CONVERSION = YES;
				CLANG_WARN_OBJC_IMPLICIT_RETAIN_SELF = YES;
				CLANG_WARN_OBJC_LITERAL_CONVERSION = YES;
				CLANG_WARN_OBJC_ROOT_CLASS = YES_ERROR;
				CLANG_WARN_QUOTED_INCLUDE_IN_FRAMEWORK_HEADER = YES;
				CLANG_WARN_RANGE_LOOP_ANALYSIS = YES;
				CLANG_WARN_STRICT_PROTOTYPES = YES;
				CLANG_WARN_SUSPICIOUS_MOVE = YES;
				CLANG_WARN_UNGUARDED_AVAILABILITY = YES_AGGRESSIVE;
				CLANG_WARN_UNREACHABLE_CODE = YES;
				CLANG_WARN__DUPLICATE_METHOD_MATCH = YES;
				COPY_PHASE_STRIP = NO;
				DEBUG_INFORMATION_FORMAT = "dwarf-with-dsym";
				ENABLE_NS_ASSERTIONS = NO;
				ENABLE_STRICT_OBJC_MSGSEND = YES;
				GCC_C_LANGUAGE_STANDARD = gnu11;
				GCC_NO_COMMON_BLOCKS = YES;
				GCC_WARN_64_TO_32_BIT_CONVERSION = YES;
				GCC_WARN_ABOUT_RETURN_TYPE = YES_ERROR;
				GCC_WARN_UNDECLARED_SELECTOR = YES;
				GCC_WARN_UNINITIALIZED_AUTOS = YES_AGGRESSIVE;
				GCC_WARN_UNUSED_FUNCTION = YES;
				GCC_WARN_UNUSED_VARIABLE = YES;
				IPHONEOS_DEPLOYMENT_TARGET = 15.4;
				MTL_ENABLE_DEBUG_INFO = NO;
				MTL_FAST_MATH = YES;
				SDKROOT = iphoneos;
				SWIFT_COMPILATION_MODE = wholemodule;
				SWIFT_OPTIMIZATION_LEVEL = "-O";
				VALIDATE_PRODUCT = YES;
			};
			name = Release;
		};
		2994B4D8282CA49A00CFF9F3 /* Debug */ = {
			isa = XCBuildConfiguration;
			buildSettings = {
				ASSETCATALOG_COMPILER_APPICON_NAME = AppIcon;
				ASSETCATALOG_COMPILER_GLOBAL_ACCENT_COLOR_NAME = AccentColor;
				CODE_SIGN_STYLE = Automatic;
				CURRENT_PROJECT_VERSION = 1;
				DEVELOPMENT_ASSET_PATHS = "\"Landmarks/Preview Content\"";
				DEVELOPMENT_TEAM = 8YTY74A5HH;
				ENABLE_PREVIEWS = YES;
				GENERATE_INFOPLIST_FILE = YES;
				INFOPLIST_KEY_UIApplicationSceneManifest_Generation = YES;
				INFOPLIST_KEY_UIApplicationSupportsIndirectInputEvents = YES;
				INFOPLIST_KEY_UILaunchScreen_Generation = YES;
				INFOPLIST_KEY_UISupportedInterfaceOrientations_iPad = "UIInterfaceOrientationPortrait UIInterfaceOrientationPortraitUpsideDown UIInterfaceOrientationLandscapeLeft UIInterfaceOrientationLandscapeRight";
				INFOPLIST_KEY_UISupportedInterfaceOrientations_iPhone = "UIInterfaceOrientationPortrait UIInterfaceOrientationLandscapeLeft UIInterfaceOrientationLandscapeRight";
				LD_RUNPATH_SEARCH_PATHS = (
					"$(inherited)",
					"@executable_path/Frameworks",
				);
				MARKETING_VERSION = 1.0;
				PRODUCT_BUNDLE_IDENTIFIER = com.mr.duncan.Landmarks;
				PRODUCT_NAME = "$(TARGET_NAME)";
				SWIFT_EMIT_LOC_STRINGS = YES;
				SWIFT_VERSION = 5.0;
				TARGETED_DEVICE_FAMILY = "1,2";
			};
			name = Debug;
		};
		2994B4D9282CA49A00CFF9F3 /* Release */ = {
			isa = XCBuildConfiguration;
			buildSettings = {
				ASSETCATALOG_COMPILER_APPICON_NAME = AppIcon;
				ASSETCATALOG_COMPILER_GLOBAL_ACCENT_COLOR_NAME = AccentColor;
				CODE_SIGN_STYLE = Automatic;
				CURRENT_PROJECT_VERSION = 1;
				DEVELOPMENT_ASSET_PATHS = "\"Landmarks/Preview Content\"";
				DEVELOPMENT_TEAM = 8YTY74A5HH;
				ENABLE_PREVIEWS = YES;
				GENERATE_INFOPLIST_FILE = YES;
				INFOPLIST_KEY_UIApplicationSceneManifest_Generation = YES;
				INFOPLIST_KEY_UIApplicationSupportsIndirectInputEvents = YES;
				INFOPLIST_KEY_UILaunchScreen_Generation = YES;
				INFOPLIST_KEY_UISupportedInterfaceOrientations_iPad = "UIInterfaceOrientationPortrait UIInterfaceOrientationPortraitUpsideDown UIInterfaceOrientationLandscapeLeft UIInterfaceOrientationLandscapeRight";
				INFOPLIST_KEY_UISupportedInterfaceOrientations_iPhone = "UIInterfaceOrientationPortrait UIInterfaceOrientationLandscapeLeft UIInterfaceOrientationLandscapeRight";
				LD_RUNPATH_SEARCH_PATHS = (
					"$(inherited)",
					"@executable_path/Frameworks",
				);
				MARKETING_VERSION = 1.0;
				PRODUCT_BUNDLE_IDENTIFIER = com.mr.duncan.Landmarks;
				PRODUCT_NAME = "$(TARGET_NAME)";
				SWIFT_EMIT_LOC_STRINGS = YES;
				SWIFT_VERSION = 5.0;
				TARGETED_DEVICE_FAMILY = "1,2";
			};
			name = Release;
		};
/* End XCBuildConfiguration section */

/* Begin XCConfigurationList section */
		2994B4C4282CA49800CFF9F3 /* Build configuration list for PBXProject "Landmarks" */ = {
			isa = XCConfigurationList;
			buildConfigurations = (
				2994B4D5282CA49A00CFF9F3 /* Debug */,
				2994B4D6282CA49A00CFF9F3 /* Release */,
			);
			defaultConfigurationIsVisible = 0;
			defaultConfigurationName = Release;
		};
		2994B4D7282CA49A00CFF9F3 /* Build configuration list for PBXNativeTarget "Landmarks" */ = {
			isa = XCConfigurationList;
			buildConfigurations = (
				2994B4D8282CA49A00CFF9F3 /* Debug */,
				2994B4D9282CA49A00CFF9F3 /* Release */,
			);
			defaultConfigurationIsVisible = 0;
			defaultConfigurationName = Release;
		};
/* End XCConfigurationList section */
	};
	rootObject = 2994B4C1282CA49800CFF9F3 /* Project object */;
}
